
Microsoft Visual Studio Solution File, Format Version 12.00
# Visual Studio Version 17
VisualStudioVersion = 17.12.35707.178 d17.12
MinimumVisualStudioVersion = 10.0.40219.1
Project("{FAE04EC0-301F-11D3-BF4B-00C04F79EFBC}") = "Consumo_de_APIs", "Consumo_de_APIs\Consumo_de_APIs.csproj", "{9185E6AC-1858-44A2-8D10-00C441BDB7CD}"
EndProject
Global
	GlobalSection(SolutionConfigurationPlatforms) = preSolution
		Debug|Any CPU = Debug|Any CPU
		Release|Any CPU = Release|Any CPU
	EndGlobalSection
	GlobalSection(ProjectConfigurationPlatforms) = postSolution
		{9185E6AC-1858-44A2-8D10-00C441BDB7CD}.Debug|Any CPU.ActiveCfg = Debug|Any CPU
		{9185E6AC-1858-44A2-8D10-00C441BDB7CD}.Debug|Any CPU.Build.0 = Debug|Any CPU
		{9185E6AC-1858-44A2-8D10-00C441BDB7CD}.Release|Any CPU.ActiveCfg = Release|Any CPU
		{9185E6AC-1858-44A2-8D10-00C441BDB7CD}.Release|Any CPU.Build.0 = Release|Any CPU
	EndGlobalSection
	GlobalSection(SolutionProperties) = preSolution
		HideSolutionNode = FALSE
	EndGlobalSection
EndGlobal
